
Microsoft Visual Studio Solution File, Format Version 12.00
# Visual Studio 15
VisualStudioVersion = 15.0.26124.0
MinimumVisualStudioVersion = 15.0.26124.0
Project("{FAE04EC0-301F-11D3-BF4B-00C04F79EFBC}") = "API", "API\API.csproj", "{EAA03F68-E47D-4A9E-8597-AB668A976301}"
EndProject
Project("{FAE04EC0-301F-11D3-BF4B-00C04F79EFBC}") = "Application", "Application\Application.csproj", "{CC314684-397D-48F9-80C1-AA5771B79852}"
EndProject
Project("{FAE04EC0-301F-11D3-BF4B-00C04F79EFBC}") = "Persistence", "Persistence\Persistence.csproj", "{21C3AF48-0B9E-407E-A26E-1F78F10CAD41}"
EndProject
Project("{FAE04EC0-301F-11D3-BF4B-00C04F79EFBC}") = "Domain", "Domain\Domain.csproj", "{FC945458-CF39-4C58-BAE2-9215AD109612}"
EndProject
Global
	GlobalSection(SolutionConfigurationPlatforms) = preSolution
		Debug|Any CPU = Debug|Any CPU
		Debug|x64 = Debug|x64
		Debug|x86 = Debug|x86
		Release|Any CPU = Release|Any CPU
		Release|x64 = Release|x64
		Release|x86 = Release|x86
	EndGlobalSection
	GlobalSection(SolutionProperties) = preSolution
		HideSolutionNode = FALSE
	EndGlobalSection
	GlobalSection(ProjectConfigurationPlatforms) = postSolution
		{EAA03F68-E47D-4A9E-8597-AB668A976301}.Debug|Any CPU.ActiveCfg = Debug|Any CPU
		{EAA03F68-E47D-4A9E-8597-AB668A976301}.Debug|Any CPU.Build.0 = Debug|Any CPU
		{EAA03F68-E47D-4A9E-8597-AB668A976301}.Debug|x64.ActiveCfg = Debug|Any CPU
		{EAA03F68-E47D-4A9E-8597-AB668A976301}.Debug|x64.Build.0 = Debug|Any CPU
		{EAA03F68-E47D-4A9E-8597-AB668A976301}.Debug|x86.ActiveCfg = Debug|Any CPU
		{EAA03F68-E47D-4A9E-8597-AB668A976301}.Debug|x86.Build.0 = Debug|Any CPU
		{EAA03F68-E47D-4A9E-8597-AB668A976301}.Release|Any CPU.ActiveCfg = Release|Any CPU
		{EAA03F68-E47D-4A9E-8597-AB668A976301}.Release|Any CPU.Build.0 = Release|Any CPU
		{EAA03F68-E47D-4A9E-8597-AB668A976301}.Release|x64.ActiveCfg = Release|Any CPU
		{EAA03F68-E47D-4A9E-8597-AB668A976301}.Release|x64.Build.0 = Release|Any CPU
		{EAA03F68-E47D-4A9E-8597-AB668A976301}.Release|x86.ActiveCfg = Release|Any CPU
		{EAA03F68-E47D-4A9E-8597-AB668A976301}.Release|x86.Build.0 = Release|Any CPU
		{CC314684-397D-48F9-80C1-AA5771B79852}.Debug|Any CPU.ActiveCfg = Debug|Any CPU
		{CC314684-397D-48F9-80C1-AA5771B79852}.Debug|Any CPU.Build.0 = Debug|Any CPU
		{CC314684-397D-48F9-80C1-AA5771B79852}.Debug|x64.ActiveCfg = Debug|Any CPU
		{CC314684-397D-48F9-80C1-AA5771B79852}.Debug|x64.Build.0 = Debug|Any CPU
		{CC314684-397D-48F9-80C1-AA5771B79852}.Debug|x86.ActiveCfg = Debug|Any CPU
		{CC314684-397D-48F9-80C1-AA5771B79852}.Debug|x86.Build.0 = Debug|Any CPU
		{CC314684-397D-48F9-80C1-AA5771B79852}.Release|Any CPU.ActiveCfg = Release|Any CPU
		{CC314684-397D-48F9-80C1-AA5771B79852}.Release|Any CPU.Build.0 = Release|Any CPU
		{CC314684-397D-48F9-80C1-AA5771B79852}.Release|x64.ActiveCfg = Release|Any CPU
		{CC314684-397D-48F9-80C1-AA5771B79852}.Release|x64.Build.0 = Release|Any CPU
		{CC314684-397D-48F9-80C1-AA5771B79852}.Release|x86.ActiveCfg = Release|Any CPU
		{CC314684-397D-48F9-80C1-AA5771B79852}.Release|x86.Build.0 = Release|Any CPU
		{21C3AF48-0B9E-407E-A26E-1F78F10CAD41}.Debug|Any CPU.ActiveCfg = Debug|Any CPU
		{21C3AF48-0B9E-407E-A26E-1F78F10CAD41}.Debug|Any CPU.Build.0 = Debug|Any CPU
		{21C3AF48-0B9E-407E-A26E-1F78F10CAD41}.Debug|x64.ActiveCfg = Debug|Any CPU
		{21C3AF48-0B9E-407E-A26E-1F78F10CAD41}.Debug|x64.Build.0 = Debug|Any CPU
		{21C3AF48-0B9E-407E-A26E-1F78F10CAD41}.Debug|x86.ActiveCfg = Debug|Any CPU
		{21C3AF48-0B9E-407E-A26E-1F78F10CAD41}.Debug|x86.Build.0 = Debug|Any CPU
		{21C3AF48-0B9E-407E-A26E-1F78F10CAD41}.Release|Any CPU.ActiveCfg = Release|Any CPU
		{21C3AF48-0B9E-407E-A26E-1F78F10CAD41}.Release|Any CPU.Build.0 = Release|Any CPU
		{21C3AF48-0B9E-407E-A26E-1F78F10CAD41}.Release|x64.ActiveCfg = Release|Any CPU
		{21C3AF48-0B9E-407E-A26E-1F78F10CAD41}.Release|x64.Build.0 = Release|Any CPU
		{21C3AF48-0B9E-407E-A26E-1F78F10CAD41}.Release|x86.ActiveCfg = Release|Any CPU
		{21C3AF48-0B9E-407E-A26E-1F78F10CAD41}.Release|x86.Build.0 = Release|Any CPU
		{FC945458-CF39-4C58-BAE2-9215AD109612}.Debug|Any CPU.ActiveCfg = Debug|Any CPU
		{FC945458-CF39-4C58-BAE2-9215AD109612}.Debug|Any CPU.Build.0 = Debug|Any CPU
		{FC945458-CF39-4C58-BAE2-9215AD109612}.Debug|x64.ActiveCfg = Debug|Any CPU
		{FC945458-CF39-4C58-BAE2-9215AD109612}.Debug|x64.Build.0 = Debug|Any CPU
		{FC945458-CF39-4C58-BAE2-9215AD109612}.Debug|x86.ActiveCfg = Debug|Any CPU
		{FC945458-CF39-4C58-BAE2-9215AD109612}.Debug|x86.Build.0 = Debug|Any CPU
		{FC945458-CF39-4C58-BAE2-9215AD109612}.Release|Any CPU.ActiveCfg = Release|Any CPU
		{FC945458-CF39-4C58-BAE2-9215AD109612}.Release|Any CPU.Build.0 = Release|Any CPU
		{FC945458-CF39-4C58-BAE2-9215AD109612}.Release|x64.ActiveCfg = Release|Any CPU
		{FC945458-CF39-4C58-BAE2-9215AD109612}.Release|x64.Build.0 = Release|Any CPU
		{FC945458-CF39-4C58-BAE2-9215AD109612}.Release|x86.ActiveCfg = Release|Any CPU
		{FC945458-CF39-4C58-BAE2-9215AD109612}.Release|x86.Build.0 = Release|Any CPU
	EndGlobalSection
EndGlobal
